name: Update package-lock.json

on:
  pull_request:
    branches: ['**']

permissions:
  contents: write

jobs:
  update-package-lock:
    name: Update package-lock.json
    runs-on: ubuntu-latest
    steps:
      - name: Checkout code
        uses: actions/checkout@v4
        with:
          ref: ${{ github.head_ref }}
          fetch-depth: 0
          token: ${{ secrets.YC_UI_BOT_GITHUB_TOKEN }}

      - name: Setup Node.js
        uses: actions/setup-node@v4
        with:
          node-version: 22
          registry-url: 'https://registry.npmjs.org'
          cache: 'npm'

      - name: Install latest npm (>= 11.5.1)
        run: |
          [ "$(printf '%s\n' "11.5.1" "$(npm -v)" | sort -V | head -n1)" = "11.5.1" ] || npm install -g npm@latest
        shell: bash

      - name: Regenerate package-lock.json
        run: npm install --no-workspaces --package-lock-only --ignore-scripts

      - name: Commit and push changes
        env:
          GH_TOKEN: ${{ secrets.YC_UI_BOT_GITHUB_TOKEN }}
          BRANCH_NAME: ${{ github.head_ref }}
        run: |
          set -e

          # Check if there are any changes
          if [[ -z $(git diff --stat | grep package-lock.json) ]]; then
            echo "::info::Nothing to update"
            exit 0
          fi

          # Configure git
          git config --global user.email "95919151+yc-ui-bot@users.noreply.github.com"
          git config --global user.name "yc-ui-bot"

          # Commit and push
          git add package-lock.json
          git commit -m "chore: Update package-lock.json" --no-verify
          git push origin HEAD:${BRANCH_NAME}
